
Microsoft Visual Studio Solution File, Format Version 12.00
# Visual Studio Version 17
VisualStudioVersion = 17.13.35931.197 d17.13
MinimumVisualStudioVersion = 10.0.40219.1
Project("{FAE04EC0-301F-11D3-BF4B-00C04F79EFBC}") = "HRISWeb", "HRISWeb\HRISWeb.csproj", "{C9119809-5047-4DF1-BF9F-D1DED0A95618}"
	ProjectSection(ProjectDependencies) = postProject
		{3D7522C2-D599-4535-8A2B-EE79A105AD78} = {3D7522C2-D599-4535-8A2B-EE79A105AD78}
	EndProjectSection
EndProject
Project("{2150E333-8FDC-42A3-9474-1A3956D46DE8}") = "01 DataAccess", "01 DataAccess", "{38D0EE35-EEB9-475D-9D25-45DB69FAAB67}"
EndProject
Project("{2150E333-8FDC-42A3-9474-1A3956D46DE8}") = "02 Business", "02 Business", "{7BE2E4C5-6B22-4DBD-88CC-3A5C92598568}"
EndProject
Project("{FAE04EC0-301F-11D3-BF4B-00C04F79EFBC}") = "DOLE.HRIS.Application.DataAccess", "DOLE.HRIS.DataAccess\DOLE.HRIS.Application.DataAccess.csproj", "{3D7522C2-D599-4535-8A2B-EE79A105AD78}"
EndProject
Project("{FAE04EC0-301F-11D3-BF4B-00C04F79EFBC}") = "DOLE.HRIS.Application.Business", "DOLE.HRIS.Business\DOLE.HRIS.Application.Business.csproj", "{8D167DC6-6CC6-4462-82B9-5568645AB3B6}"
EndProject
Project("{FAE04EC0-301F-11D3-BF4B-00C04F79EFBC}") = "DOLE.HRIS.Application.DataAccess.Interfaces", "DOLE.HRIS.Application.DataAccess.Interfaces\DOLE.HRIS.Application.DataAccess.Interfaces.csproj", "{C1FEB1DB-1D7B-4167-ADD0-10462190249D}"
EndProject
Project("{FAE04EC0-301F-11D3-BF4B-00C04F79EFBC}") = "DOLE.HRIS.Application.Business.Interfaces", "DOLE.HRIS.Application.Business.Interfaces\DOLE.HRIS.Application.Business.Interfaces.csproj", "{D5C07528-AE06-45DF-BA0C-ADC66F04E68A}"
EndProject
Project("{FAE04EC0-301F-11D3-BF4B-00C04F79EFBC}") = "DOLE.HRIS.NUnit.Test", "DOLE.HRIS.NUnit.Test\DOLE.HRIS.NUnit.Test.csproj", "{6CEF5088-6248-4A92-8EDD-F5529634CBFB}"
EndProject
Project("{2150E333-8FDC-42A3-9474-1A3956D46DE8}") = "03 UnitTest", "03 UnitTest", "{D1D47F6B-7BE5-4018-A7E0-4B3FDD088162}"
EndProject
Project("{FAE04EC0-301F-11D3-BF4B-00C04F79EFBC}") = "DOLE.HRIS.Services.CR.DataAccess.Interfaces", "..\HRIS WEB - Services\DOLE.HRIS.Services.CR.DataAccess.Interfaces\DOLE.HRIS.Services.CR.DataAccess.Interfaces.csproj", "{86D7A327-026C-418E-B75E-55AD7CE4FECC}"
EndProject
Project("{FAE04EC0-301F-11D3-BF4B-00C04F79EFBC}") = "DOLE.HRIS.Services.CR.Business.Interfaces", "..\HRIS WEB - Services\DOLE.HRIS.Services.CR.Business.Interfaces\DOLE.HRIS.Services.CR.Business.Interfaces.csproj", "{9B86CEBF-CC28-4773-A7C3-1CFA3B8C354D}"
EndProject
Project("{FAE04EC0-301F-11D3-BF4B-00C04F79EFBC}") = "DOLE.HRIS.Services.CR.DataAccess", "..\HRIS WEB - Services\DOLE.HRIS.Backend.DataAccess\DOLE.HRIS.Services.CR.DataAccess.csproj", "{39DA21AC-B8FB-49DF-8692-3166259174AA}"
EndProject
Project("{FAE04EC0-301F-11D3-BF4B-00C04F79EFBC}") = "DOLE.HRIS.Services.CR.Business", "..\HRIS WEB - Services\DOLE.HRIS.Backend.Business\DOLE.HRIS.Services.CR.Business.csproj", "{96CFA786-3CF0-425C-B222-B8660D1EAE50}"
EndProject
Global
	GlobalSection(SolutionConfigurationPlatforms) = preSolution
		Debug|.NET = Debug|.NET
		Debug|Any CPU = Debug|Any CPU
		Debug|Mixed Platforms = Debug|Mixed Platforms
		Debug|x86 = Debug|x86
		DebugLocal|.NET = DebugLocal|.NET
		DebugLocal|Any CPU = DebugLocal|Any CPU
		DebugLocal|Mixed Platforms = DebugLocal|Mixed Platforms
		DebugLocal|x86 = DebugLocal|x86
		Development|.NET = Development|.NET
		Development|Any CPU = Development|Any CPU
		Development|Mixed Platforms = Development|Mixed Platforms
		Development|x86 = Development|x86
		Release|.NET = Release|.NET
		Release|Any CPU = Release|Any CPU
		Release|Mixed Platforms = Release|Mixed Platforms
		Release|x86 = Release|x86
	EndGlobalSection
	GlobalSection(ProjectConfigurationPlatforms) = postSolution
		{C9119809-5047-4DF1-BF9F-D1DED0A95618}.Debug|.NET.ActiveCfg = Debug|Any CPU
		{C9119809-5047-4DF1-BF9F-D1DED0A95618}.Debug|Any CPU.ActiveCfg = Debug|Any CPU
		{C9119809-5047-4DF1-BF9F-D1DED0A95618}.Debug|Any CPU.Build.0 = Debug|Any CPU
		{C9119809-5047-4DF1-BF9F-D1DED0A95618}.Debug|Mixed Platforms.ActiveCfg = Debug|Any CPU
		{C9119809-5047-4DF1-BF9F-D1DED0A95618}.Debug|Mixed Platforms.Build.0 = Debug|Any CPU
		{C9119809-5047-4DF1-BF9F-D1DED0A95618}.Debug|x86.ActiveCfg = Debug|Any CPU
		{C9119809-5047-4DF1-BF9F-D1DED0A95618}.DebugLocal|.NET.ActiveCfg = Debug|Any CPU
		{C9119809-5047-4DF1-BF9F-D1DED0A95618}.DebugLocal|.NET.Build.0 = Debug|Any CPU
		{C9119809-5047-4DF1-BF9F-D1DED0A95618}.DebugLocal|Any CPU.ActiveCfg = Debug|Any CPU
		{C9119809-5047-4DF1-BF9F-D1DED0A95618}.DebugLocal|Any CPU.Build.0 = Debug|Any CPU
		{C9119809-5047-4DF1-BF9F-D1DED0A95618}.DebugLocal|Mixed Platforms.ActiveCfg = Debug|Any CPU
		{C9119809-5047-4DF1-BF9F-D1DED0A95618}.DebugLocal|Mixed Platforms.Build.0 = Debug|Any CPU
		{C9119809-5047-4DF1-BF9F-D1DED0A95618}.DebugLocal|x86.ActiveCfg = Debug|Any CPU
		{C9119809-5047-4DF1-BF9F-D1DED0A95618}.DebugLocal|x86.Build.0 = Debug|Any CPU
		{C9119809-5047-4DF1-BF9F-D1DED0A95618}.Development|.NET.ActiveCfg = Debug|Any CPU
		{C9119809-5047-4DF1-BF9F-D1DED0A95618}.Development|Any CPU.ActiveCfg = Debug|Any CPU
		{C9119809-5047-4DF1-BF9F-D1DED0A95618}.Development|Mixed Platforms.ActiveCfg = Debug|Any CPU
		{C9119809-5047-4DF1-BF9F-D1DED0A95618}.Development|x86.ActiveCfg = Debug|Any CPU
		{C9119809-5047-4DF1-BF9F-D1DED0A95618}.Release|.NET.ActiveCfg = Release|Any CPU
		{C9119809-5047-4DF1-BF9F-D1DED0A95618}.Release|Any CPU.ActiveCfg = Release|Any CPU
		{C9119809-5047-4DF1-BF9F-D1DED0A95618}.Release|Any CPU.Build.0 = Release|Any CPU
		{C9119809-5047-4DF1-BF9F-D1DED0A95618}.Release|Mixed Platforms.ActiveCfg = Release|Any CPU
		{C9119809-5047-4DF1-BF9F-D1DED0A95618}.Release|Mixed Platforms.Build.0 = Release|Any CPU
		{C9119809-5047-4DF1-BF9F-D1DED0A95618}.Release|x86.ActiveCfg = Release|Any CPU
		{3D7522C2-D599-4535-8A2B-EE79A105AD78}.Debug|.NET.ActiveCfg = Debug|Any CPU
		{3D7522C2-D599-4535-8A2B-EE79A105AD78}.Debug|Any CPU.ActiveCfg = Debug|Any CPU
		{3D7522C2-D599-4535-8A2B-EE79A105AD78}.Debug|Any CPU.Build.0 = Debug|Any CPU
		{3D7522C2-D599-4535-8A2B-EE79A105AD78}.Debug|Mixed Platforms.ActiveCfg = Debug|Any CPU
		{3D7522C2-D599-4535-8A2B-EE79A105AD78}.Debug|Mixed Platforms.Build.0 = Debug|Any CPU
		{3D7522C2-D599-4535-8A2B-EE79A105AD78}.Debug|x86.ActiveCfg = Debug|Any CPU
		{3D7522C2-D599-4535-8A2B-EE79A105AD78}.DebugLocal|.NET.ActiveCfg = Debug|Any CPU
		{3D7522C2-D599-4535-8A2B-EE79A105AD78}.DebugLocal|.NET.Build.0 = Debug|Any CPU
		{3D7522C2-D599-4535-8A2B-EE79A105AD78}.DebugLocal|Any CPU.ActiveCfg = Debug|Any CPU
		{3D7522C2-D599-4535-8A2B-EE79A105AD78}.DebugLocal|Any CPU.Build.0 = Debug|Any CPU
		{3D7522C2-D599-4535-8A2B-EE79A105AD78}.DebugLocal|Mixed Platforms.ActiveCfg = Debug|Any CPU
		{3D7522C2-D599-4535-8A2B-EE79A105AD78}.DebugLocal|Mixed Platforms.Build.0 = Debug|Any CPU
		{3D7522C2-D599-4535-8A2B-EE79A105AD78}.DebugLocal|x86.ActiveCfg = Debug|Any CPU
		{3D7522C2-D599-4535-8A2B-EE79A105AD78}.DebugLocal|x86.Build.0 = Debug|Any CPU
		{3D7522C2-D599-4535-8A2B-EE79A105AD78}.Development|.NET.ActiveCfg = Debug|Any CPU
		{3D7522C2-D599-4535-8A2B-EE79A105AD78}.Development|Any CPU.ActiveCfg = Debug|Any CPU
		{3D7522C2-D599-4535-8A2B-EE79A105AD78}.Development|Mixed Platforms.ActiveCfg = Debug|Any CPU
		{3D7522C2-D599-4535-8A2B-EE79A105AD78}.Development|x86.ActiveCfg = Debug|Any CPU
		{3D7522C2-D599-4535-8A2B-EE79A105AD78}.Release|.NET.ActiveCfg = Release|Any CPU
		{3D7522C2-D599-4535-8A2B-EE79A105AD78}.Release|Any CPU.ActiveCfg = Release|Any CPU
		{3D7522C2-D599-4535-8A2B-EE79A105AD78}.Release|Any CPU.Build.0 = Release|Any CPU
		{3D7522C2-D599-4535-8A2B-EE79A105AD78}.Release|Mixed Platforms.ActiveCfg = Release|Any CPU
		{3D7522C2-D599-4535-8A2B-EE79A105AD78}.Release|Mixed Platforms.Build.0 = Release|Any CPU
		{3D7522C2-D599-4535-8A2B-EE79A105AD78}.Release|x86.ActiveCfg = Release|Any CPU
		{8D167DC6-6CC6-4462-82B9-5568645AB3B6}.Debug|.NET.ActiveCfg = Debug|Any CPU
		{8D167DC6-6CC6-4462-82B9-5568645AB3B6}.Debug|Any CPU.ActiveCfg = Debug|Any CPU
		{8D167DC6-6CC6-4462-82B9-5568645AB3B6}.Debug|Any CPU.Build.0 = Debug|Any CPU
		{8D167DC6-6CC6-4462-82B9-5568645AB3B6}.Debug|Mixed Platforms.ActiveCfg = Debug|Any CPU
		{8D167DC6-6CC6-4462-82B9-5568645AB3B6}.Debug|Mixed Platforms.Build.0 = Debug|Any CPU
		{8D167DC6-6CC6-4462-82B9-5568645AB3B6}.Debug|x86.ActiveCfg = Debug|Any CPU
		{8D167DC6-6CC6-4462-82B9-5568645AB3B6}.DebugLocal|.NET.ActiveCfg = Debug|Any CPU
		{8D167DC6-6CC6-4462-82B9-5568645AB3B6}.DebugLocal|.NET.Build.0 = Debug|Any CPU
		{8D167DC6-6CC6-4462-82B9-5568645AB3B6}.DebugLocal|Any CPU.ActiveCfg = Debug|Any CPU
		{8D167DC6-6CC6-4462-82B9-5568645AB3B6}.DebugLocal|Any CPU.Build.0 = Debug|Any CPU
		{8D167DC6-6CC6-4462-82B9-5568645AB3B6}.DebugLocal|Mixed Platforms.ActiveCfg = Debug|Any CPU
		{8D167DC6-6CC6-4462-82B9-5568645AB3B6}.DebugLocal|Mixed Platforms.Build.0 = Debug|Any CPU
		{8D167DC6-6CC6-4462-82B9-5568645AB3B6}.DebugLocal|x86.ActiveCfg = Debug|Any CPU
		{8D167DC6-6CC6-4462-82B9-5568645AB3B6}.DebugLocal|x86.Build.0 = Debug|Any CPU
		{8D167DC6-6CC6-4462-82B9-5568645AB3B6}.Development|.NET.ActiveCfg = Debug|Any CPU
		{8D167DC6-6CC6-4462-82B9-5568645AB3B6}.Development|Any CPU.ActiveCfg = Debug|Any CPU
		{8D167DC6-6CC6-4462-82B9-5568645AB3B6}.Development|Mixed Platforms.ActiveCfg = Debug|Any CPU
		{8D167DC6-6CC6-4462-82B9-5568645AB3B6}.Development|x86.ActiveCfg = Debug|Any CPU
		{8D167DC6-6CC6-4462-82B9-5568645AB3B6}.Release|.NET.ActiveCfg = Release|Any CPU
		{8D167DC6-6CC6-4462-82B9-5568645AB3B6}.Release|Any CPU.ActiveCfg = Release|Any CPU
		{8D167DC6-6CC6-4462-82B9-5568645AB3B6}.Release|Any CPU.Build.0 = Release|Any CPU
		{8D167DC6-6CC6-4462-82B9-5568645AB3B6}.Release|Mixed Platforms.ActiveCfg = Release|Any CPU
		{8D167DC6-6CC6-4462-82B9-5568645AB3B6}.Release|Mixed Platforms.Build.0 = Release|Any CPU
		{8D167DC6-6CC6-4462-82B9-5568645AB3B6}.Release|x86.ActiveCfg = Release|Any CPU
		{C1FEB1DB-1D7B-4167-ADD0-10462190249D}.Debug|.NET.ActiveCfg = Debug|Any CPU
		{C1FEB1DB-1D7B-4167-ADD0-10462190249D}.Debug|.NET.Build.0 = Debug|Any CPU
		{C1FEB1DB-1D7B-4167-ADD0-10462190249D}.Debug|Any CPU.ActiveCfg = Debug|Any CPU
		{C1FEB1DB-1D7B-4167-ADD0-10462190249D}.Debug|Any CPU.Build.0 = Debug|Any CPU
		{C1FEB1DB-1D7B-4167-ADD0-10462190249D}.Debug|Mixed Platforms.ActiveCfg = Debug|Any CPU
		{C1FEB1DB-1D7B-4167-ADD0-10462190249D}.Debug|Mixed Platforms.Build.0 = Debug|Any CPU
		{C1FEB1DB-1D7B-4167-ADD0-10462190249D}.Debug|x86.ActiveCfg = Debug|Any CPU
		{C1FEB1DB-1D7B-4167-ADD0-10462190249D}.Debug|x86.Build.0 = Debug|Any CPU
		{C1FEB1DB-1D7B-4167-ADD0-10462190249D}.DebugLocal|.NET.ActiveCfg = Debug|Any CPU
		{C1FEB1DB-1D7B-4167-ADD0-10462190249D}.DebugLocal|.NET.Build.0 = Debug|Any CPU
		{C1FEB1DB-1D7B-4167-ADD0-10462190249D}.DebugLocal|Any CPU.ActiveCfg = Debug|Any CPU
		{C1FEB1DB-1D7B-4167-ADD0-10462190249D}.DebugLocal|Any CPU.Build.0 = Debug|Any CPU
		{C1FEB1DB-1D7B-4167-ADD0-10462190249D}.DebugLocal|Mixed Platforms.ActiveCfg = Debug|Any CPU
		{C1FEB1DB-1D7B-4167-ADD0-10462190249D}.DebugLocal|Mixed Platforms.Build.0 = Debug|Any CPU
		{C1FEB1DB-1D7B-4167-ADD0-10462190249D}.DebugLocal|x86.ActiveCfg = Debug|Any CPU
		{C1FEB1DB-1D7B-4167-ADD0-10462190249D}.DebugLocal|x86.Build.0 = Debug|Any CPU
		{C1FEB1DB-1D7B-4167-ADD0-10462190249D}.Development|.NET.ActiveCfg = Debug|Any CPU
		{C1FEB1DB-1D7B-4167-ADD0-10462190249D}.Development|.NET.Build.0 = Debug|Any CPU
		{C1FEB1DB-1D7B-4167-ADD0-10462190249D}.Development|Any CPU.ActiveCfg = Debug|Any CPU
		{C1FEB1DB-1D7B-4167-ADD0-10462190249D}.Development|Any CPU.Build.0 = Debug|Any CPU
		{C1FEB1DB-1D7B-4167-ADD0-10462190249D}.Development|Mixed Platforms.ActiveCfg = Debug|Any CPU
		{C1FEB1DB-1D7B-4167-ADD0-10462190249D}.Development|Mixed Platforms.Build.0 = Debug|Any CPU
		{C1FEB1DB-1D7B-4167-ADD0-10462190249D}.Development|x86.ActiveCfg = Debug|Any CPU
		{C1FEB1DB-1D7B-4167-ADD0-10462190249D}.Development|x86.Build.0 = Debug|Any CPU
		{C1FEB1DB-1D7B-4167-ADD0-10462190249D}.Release|.NET.ActiveCfg = Release|Any CPU
		{C1FEB1DB-1D7B-4167-ADD0-10462190249D}.Release|.NET.Build.0 = Release|Any CPU
		{C1FEB1DB-1D7B-4167-ADD0-10462190249D}.Release|Any CPU.ActiveCfg = Release|Any CPU
		{C1FEB1DB-1D7B-4167-ADD0-10462190249D}.Release|Any CPU.Build.0 = Release|Any CPU
		{C1FEB1DB-1D7B-4167-ADD0-10462190249D}.Release|Mixed Platforms.ActiveCfg = Release|Any CPU
		{C1FEB1DB-1D7B-4167-ADD0-10462190249D}.Release|Mixed Platforms.Build.0 = Release|Any CPU
		{C1FEB1DB-1D7B-4167-ADD0-10462190249D}.Release|x86.ActiveCfg = Release|Any CPU
		{C1FEB1DB-1D7B-4167-ADD0-10462190249D}.Release|x86.Build.0 = Release|Any CPU
		{D5C07528-AE06-45DF-BA0C-ADC66F04E68A}.Debug|.NET.ActiveCfg = Debug|Any CPU
		{D5C07528-AE06-45DF-BA0C-ADC66F04E68A}.Debug|.NET.Build.0 = Debug|Any CPU
		{D5C07528-AE06-45DF-BA0C-ADC66F04E68A}.Debug|Any CPU.ActiveCfg = Debug|Any CPU
		{D5C07528-AE06-45DF-BA0C-ADC66F04E68A}.Debug|Any CPU.Build.0 = Debug|Any CPU
		{D5C07528-AE06-45DF-BA0C-ADC66F04E68A}.Debug|Mixed Platforms.ActiveCfg = Debug|Any CPU
		{D5C07528-AE06-45DF-BA0C-ADC66F04E68A}.Debug|Mixed Platforms.Build.0 = Debug|Any CPU
		{D5C07528-AE06-45DF-BA0C-ADC66F04E68A}.Debug|x86.ActiveCfg = Debug|Any CPU
		{D5C07528-AE06-45DF-BA0C-ADC66F04E68A}.Debug|x86.Build.0 = Debug|Any CPU
		{D5C07528-AE06-45DF-BA0C-ADC66F04E68A}.DebugLocal|.NET.ActiveCfg = Debug|Any CPU
		{D5C07528-AE06-45DF-BA0C-ADC66F04E68A}.DebugLocal|.NET.Build.0 = Debug|Any CPU
		{D5C07528-AE06-45DF-BA0C-ADC66F04E68A}.DebugLocal|Any CPU.ActiveCfg = Debug|Any CPU
		{D5C07528-AE06-45DF-BA0C-ADC66F04E68A}.DebugLocal|Any CPU.Build.0 = Debug|Any CPU
		{D5C07528-AE06-45DF-BA0C-ADC66F04E68A}.DebugLocal|Mixed Platforms.ActiveCfg = Debug|Any CPU
		{D5C07528-AE06-45DF-BA0C-ADC66F04E68A}.DebugLocal|Mixed Platforms.Build.0 = Debug|Any CPU
		{D5C07528-AE06-45DF-BA0C-ADC66F04E68A}.DebugLocal|x86.ActiveCfg = Debug|Any CPU
		{D5C07528-AE06-45DF-BA0C-ADC66F04E68A}.DebugLocal|x86.Build.0 = Debug|Any CPU
		{D5C07528-AE06-45DF-BA0C-ADC66F04E68A}.Development|.NET.ActiveCfg = Debug|Any CPU
		{D5C07528-AE06-45DF-BA0C-ADC66F04E68A}.Development|.NET.Build.0 = Debug|Any CPU
		{D5C07528-AE06-45DF-BA0C-ADC66F04E68A}.Development|Any CPU.ActiveCfg = Debug|Any CPU
		{D5C07528-AE06-45DF-BA0C-ADC66F04E68A}.Development|Any CPU.Build.0 = Debug|Any CPU
		{D5C07528-AE06-45DF-BA0C-ADC66F04E68A}.Development|Mixed Platforms.ActiveCfg = Debug|Any CPU
		{D5C07528-AE06-45DF-BA0C-ADC66F04E68A}.Development|Mixed Platforms.Build.0 = Debug|Any CPU
		{D5C07528-AE06-45DF-BA0C-ADC66F04E68A}.Development|x86.ActiveCfg = Debug|Any CPU
		{D5C07528-AE06-45DF-BA0C-ADC66F04E68A}.Development|x86.Build.0 = Debug|Any CPU
		{D5C07528-AE06-45DF-BA0C-ADC66F04E68A}.Release|.NET.ActiveCfg = Release|Any CPU
		{D5C07528-AE06-45DF-BA0C-ADC66F04E68A}.Release|.NET.Build.0 = Release|Any CPU
		{D5C07528-AE06-45DF-BA0C-ADC66F04E68A}.Release|Any CPU.ActiveCfg = Release|Any CPU
		{D5C07528-AE06-45DF-BA0C-ADC66F04E68A}.Release|Any CPU.Build.0 = Release|Any CPU
		{D5C07528-AE06-45DF-BA0C-ADC66F04E68A}.Release|Mixed Platforms.ActiveCfg = Release|Any CPU
		{D5C07528-AE06-45DF-BA0C-ADC66F04E68A}.Release|Mixed Platforms.Build.0 = Release|Any CPU
		{D5C07528-AE06-45DF-BA0C-ADC66F04E68A}.Release|x86.ActiveCfg = Release|Any CPU
		{D5C07528-AE06-45DF-BA0C-ADC66F04E68A}.Release|x86.Build.0 = Release|Any CPU
		{6CEF5088-6248-4A92-8EDD-F5529634CBFB}.Debug|.NET.ActiveCfg = Debug|Any CPU
		{6CEF5088-6248-4A92-8EDD-F5529634CBFB}.Debug|.NET.Build.0 = Debug|Any CPU
		{6CEF5088-6248-4A92-8EDD-F5529634CBFB}.Debug|Any CPU.ActiveCfg = Debug|Any CPU
		{6CEF5088-6248-4A92-8EDD-F5529634CBFB}.Debug|Any CPU.Build.0 = Debug|Any CPU
		{6CEF5088-6248-4A92-8EDD-F5529634CBFB}.Debug|Mixed Platforms.ActiveCfg = Debug|Any CPU
		{6CEF5088-6248-4A92-8EDD-F5529634CBFB}.Debug|Mixed Platforms.Build.0 = Debug|Any CPU
		{6CEF5088-6248-4A92-8EDD-F5529634CBFB}.Debug|x86.ActiveCfg = Debug|Any CPU
		{6CEF5088-6248-4A92-8EDD-F5529634CBFB}.Debug|x86.Build.0 = Debug|Any CPU
		{6CEF5088-6248-4A92-8EDD-F5529634CBFB}.DebugLocal|.NET.ActiveCfg = Debug|Any CPU
		{6CEF5088-6248-4A92-8EDD-F5529634CBFB}.DebugLocal|.NET.Build.0 = Debug|Any CPU
		{6CEF5088-6248-4A92-8EDD-F5529634CBFB}.DebugLocal|Any CPU.ActiveCfg = Debug|Any CPU
		{6CEF5088-6248-4A92-8EDD-F5529634CBFB}.DebugLocal|Any CPU.Build.0 = Debug|Any CPU
		{6CEF5088-6248-4A92-8EDD-F5529634CBFB}.DebugLocal|Mixed Platforms.ActiveCfg = Debug|Any CPU
		{6CEF5088-6248-4A92-8EDD-F5529634CBFB}.DebugLocal|Mixed Platforms.Build.0 = Debug|Any CPU
		{6CEF5088-6248-4A92-8EDD-F5529634CBFB}.DebugLocal|x86.ActiveCfg = Debug|Any CPU
		{6CEF5088-6248-4A92-8EDD-F5529634CBFB}.DebugLocal|x86.Build.0 = Debug|Any CPU
		{6CEF5088-6248-4A92-8EDD-F5529634CBFB}.Development|.NET.ActiveCfg = Debug|Any CPU
		{6CEF5088-6248-4A92-8EDD-F5529634CBFB}.Development|.NET.Build.0 = Debug|Any CPU
		{6CEF5088-6248-4A92-8EDD-F5529634CBFB}.Development|Any CPU.ActiveCfg = Debug|Any CPU
		{6CEF5088-6248-4A92-8EDD-F5529634CBFB}.Development|Any CPU.Build.0 = Debug|Any CPU
		{6CEF5088-6248-4A92-8EDD-F5529634CBFB}.Development|Mixed Platforms.ActiveCfg = Debug|Any CPU
		{6CEF5088-6248-4A92-8EDD-F5529634CBFB}.Development|Mixed Platforms.Build.0 = Debug|Any CPU
		{6CEF5088-6248-4A92-8EDD-F5529634CBFB}.Development|x86.ActiveCfg = Debug|Any CPU
		{6CEF5088-6248-4A92-8EDD-F5529634CBFB}.Development|x86.Build.0 = Debug|Any CPU
		{6CEF5088-6248-4A92-8EDD-F5529634CBFB}.Release|.NET.ActiveCfg = Release|Any CPU
		{6CEF5088-6248-4A92-8EDD-F5529634CBFB}.Release|.NET.Build.0 = Release|Any CPU
		{6CEF5088-6248-4A92-8EDD-F5529634CBFB}.Release|Any CPU.ActiveCfg = Release|Any CPU
		{6CEF5088-6248-4A92-8EDD-F5529634CBFB}.Release|Any CPU.Build.0 = Release|Any CPU
		{6CEF5088-6248-4A92-8EDD-F5529634CBFB}.Release|Mixed Platforms.ActiveCfg = Release|Any CPU
		{6CEF5088-6248-4A92-8EDD-F5529634CBFB}.Release|Mixed Platforms.Build.0 = Release|Any CPU
		{6CEF5088-6248-4A92-8EDD-F5529634CBFB}.Release|x86.ActiveCfg = Release|Any CPU
		{6CEF5088-6248-4A92-8EDD-F5529634CBFB}.Release|x86.Build.0 = Release|Any CPU
		{86D7A327-026C-418E-B75E-55AD7CE4FECC}.Debug|.NET.ActiveCfg = Debug|Any CPU
		{86D7A327-026C-418E-B75E-55AD7CE4FECC}.Debug|.NET.Build.0 = Debug|Any CPU
		{86D7A327-026C-418E-B75E-55AD7CE4FECC}.Debug|Any CPU.ActiveCfg = Debug|Any CPU
		{86D7A327-026C-418E-B75E-55AD7CE4FECC}.Debug|Any CPU.Build.0 = Debug|Any CPU
		{86D7A327-026C-418E-B75E-55AD7CE4FECC}.Debug|Mixed Platforms.ActiveCfg = Debug|Any CPU
		{86D7A327-026C-418E-B75E-55AD7CE4FECC}.Debug|Mixed Platforms.Build.0 = Debug|Any CPU
		{86D7A327-026C-418E-B75E-55AD7CE4FECC}.Debug|x86.ActiveCfg = Debug|Any CPU
		{86D7A327-026C-418E-B75E-55AD7CE4FECC}.Debug|x86.Build.0 = Debug|Any CPU
		{86D7A327-026C-418E-B75E-55AD7CE4FECC}.DebugLocal|.NET.ActiveCfg = Debug|Any CPU
		{86D7A327-026C-418E-B75E-55AD7CE4FECC}.DebugLocal|.NET.Build.0 = Debug|Any CPU
		{86D7A327-026C-418E-B75E-55AD7CE4FECC}.DebugLocal|Any CPU.ActiveCfg = Debug|Any CPU
		{86D7A327-026C-418E-B75E-55AD7CE4FECC}.DebugLocal|Any CPU.Build.0 = Debug|Any CPU
		{86D7A327-026C-418E-B75E-55AD7CE4FECC}.DebugLocal|Mixed Platforms.ActiveCfg = Debug|Any CPU
		{86D7A327-026C-418E-B75E-55AD7CE4FECC}.DebugLocal|Mixed Platforms.Build.0 = Debug|Any CPU
		{86D7A327-026C-418E-B75E-55AD7CE4FECC}.DebugLocal|x86.ActiveCfg = Debug|Any CPU
		{86D7A327-026C-418E-B75E-55AD7CE4FECC}.DebugLocal|x86.Build.0 = Debug|Any CPU
		{86D7A327-026C-418E-B75E-55AD7CE4FECC}.Development|.NET.ActiveCfg = Debug|Any CPU
		{86D7A327-026C-418E-B75E-55AD7CE4FECC}.Development|.NET.Build.0 = Debug|Any CPU
		{86D7A327-026C-418E-B75E-55AD7CE4FECC}.Development|Any CPU.ActiveCfg = Debug|Any CPU
		{86D7A327-026C-418E-B75E-55AD7CE4FECC}.Development|Any CPU.Build.0 = Debug|Any CPU
		{86D7A327-026C-418E-B75E-55AD7CE4FECC}.Development|Mixed Platforms.ActiveCfg = Debug|Any CPU
		{86D7A327-026C-418E-B75E-55AD7CE4FECC}.Development|Mixed Platforms.Build.0 = Debug|Any CPU
		{86D7A327-026C-418E-B75E-55AD7CE4FECC}.Development|x86.ActiveCfg = Debug|Any CPU
		{86D7A327-026C-418E-B75E-55AD7CE4FECC}.Development|x86.Build.0 = Debug|Any CPU
		{86D7A327-026C-418E-B75E-55AD7CE4FECC}.Release|.NET.ActiveCfg = Release|Any CPU
		{86D7A327-026C-418E-B75E-55AD7CE4FECC}.Release|.NET.Build.0 = Release|Any CPU
		{86D7A327-026C-418E-B75E-55AD7CE4FECC}.Release|Any CPU.ActiveCfg = Release|Any CPU
		{86D7A327-026C-418E-B75E-55AD7CE4FECC}.Release|Any CPU.Build.0 = Release|Any CPU
		{86D7A327-026C-418E-B75E-55AD7CE4FECC}.Release|Mixed Platforms.ActiveCfg = Release|Any CPU
		{86D7A327-026C-418E-B75E-55AD7CE4FECC}.Release|Mixed Platforms.Build.0 = Release|Any CPU
		{86D7A327-026C-418E-B75E-55AD7CE4FECC}.Release|x86.ActiveCfg = Release|Any CPU
		{86D7A327-026C-418E-B75E-55AD7CE4FECC}.Release|x86.Build.0 = Release|Any CPU
		{9B86CEBF-CC28-4773-A7C3-1CFA3B8C354D}.Debug|.NET.ActiveCfg = Debug|Any CPU
		{9B86CEBF-CC28-4773-A7C3-1CFA3B8C354D}.Debug|.NET.Build.0 = Debug|Any CPU
		{9B86CEBF-CC28-4773-A7C3-1CFA3B8C354D}.Debug|Any CPU.ActiveCfg = Debug|Any CPU
		{9B86CEBF-CC28-4773-A7C3-1CFA3B8C354D}.Debug|Any CPU.Build.0 = Debug|Any CPU
		{9B86CEBF-CC28-4773-A7C3-1CFA3B8C354D}.Debug|Mixed Platforms.ActiveCfg = Debug|Any CPU
		{9B86CEBF-CC28-4773-A7C3-1CFA3B8C354D}.Debug|Mixed Platforms.Build.0 = Debug|Any CPU
		{9B86CEBF-CC28-4773-A7C3-1CFA3B8C354D}.Debug|x86.ActiveCfg = Debug|Any CPU
		{9B86CEBF-CC28-4773-A7C3-1CFA3B8C354D}.Debug|x86.Build.0 = Debug|Any CPU
		{9B86CEBF-CC28-4773-A7C3-1CFA3B8C354D}.DebugLocal|.NET.ActiveCfg = Debug|Any CPU
		{9B86CEBF-CC28-4773-A7C3-1CFA3B8C354D}.DebugLocal|.NET.Build.0 = Debug|Any CPU
		{9B86CEBF-CC28-4773-A7C3-1CFA3B8C354D}.DebugLocal|Any CPU.ActiveCfg = Debug|Any CPU
		{9B86CEBF-CC28-4773-A7C3-1CFA3B8C354D}.DebugLocal|Any CPU.Build.0 = Debug|Any CPU
		{9B86CEBF-CC28-4773-A7C3-1CFA3B8C354D}.DebugLocal|Mixed Platforms.ActiveCfg = Debug|Any CPU
		{9B86CEBF-CC28-4773-A7C3-1CFA3B8C354D}.DebugLocal|Mixed Platforms.Build.0 = Debug|Any CPU
		{9B86CEBF-CC28-4773-A7C3-1CFA3B8C354D}.DebugLocal|x86.ActiveCfg = Debug|Any CPU
		{9B86CEBF-CC28-4773-A7C3-1CFA3B8C354D}.DebugLocal|x86.Build.0 = Debug|Any CPU
		{9B86CEBF-CC28-4773-A7C3-1CFA3B8C354D}.Development|.NET.ActiveCfg = Debug|Any CPU
		{9B86CEBF-CC28-4773-A7C3-1CFA3B8C354D}.Development|.NET.Build.0 = Debug|Any CPU
		{9B86CEBF-CC28-4773-A7C3-1CFA3B8C354D}.Development|Any CPU.ActiveCfg = Debug|Any CPU
		{9B86CEBF-CC28-4773-A7C3-1CFA3B8C354D}.Development|Any CPU.Build.0 = Debug|Any CPU
		{9B86CEBF-CC28-4773-A7C3-1CFA3B8C354D}.Development|Mixed Platforms.ActiveCfg = Debug|Any CPU
		{9B86CEBF-CC28-4773-A7C3-1CFA3B8C354D}.Development|Mixed Platforms.Build.0 = Debug|Any CPU
		{9B86CEBF-CC28-4773-A7C3-1CFA3B8C354D}.Development|x86.ActiveCfg = Debug|Any CPU
		{9B86CEBF-CC28-4773-A7C3-1CFA3B8C354D}.Development|x86.Build.0 = Debug|Any CPU
		{9B86CEBF-CC28-4773-A7C3-1CFA3B8C354D}.Release|.NET.ActiveCfg = Release|Any CPU
		{9B86CEBF-CC28-4773-A7C3-1CFA3B8C354D}.Release|.NET.Build.0 = Release|Any CPU
		{9B86CEBF-CC28-4773-A7C3-1CFA3B8C354D}.Release|Any CPU.ActiveCfg = Release|Any CPU
		{9B86CEBF-CC28-4773-A7C3-1CFA3B8C354D}.Release|Any CPU.Build.0 = Release|Any CPU
		{9B86CEBF-CC28-4773-A7C3-1CFA3B8C354D}.Release|Mixed Platforms.ActiveCfg = Release|Any CPU
		{9B86CEBF-CC28-4773-A7C3-1CFA3B8C354D}.Release|Mixed Platforms.Build.0 = Release|Any CPU
		{9B86CEBF-CC28-4773-A7C3-1CFA3B8C354D}.Release|x86.ActiveCfg = Release|Any CPU
		{9B86CEBF-CC28-4773-A7C3-1CFA3B8C354D}.Release|x86.Build.0 = Release|Any CPU
		{39DA21AC-B8FB-49DF-8692-3166259174AA}.Debug|.NET.ActiveCfg = Debug|Any CPU
		{39DA21AC-B8FB-49DF-8692-3166259174AA}.Debug|.NET.Build.0 = Debug|Any CPU
		{39DA21AC-B8FB-49DF-8692-3166259174AA}.Debug|Any CPU.ActiveCfg = Debug|Any CPU
		{39DA21AC-B8FB-49DF-8692-3166259174AA}.Debug|Any CPU.Build.0 = Debug|Any CPU
		{39DA21AC-B8FB-49DF-8692-3166259174AA}.Debug|Mixed Platforms.ActiveCfg = Debug|Any CPU
		{39DA21AC-B8FB-49DF-8692-3166259174AA}.Debug|Mixed Platforms.Build.0 = Debug|Any CPU
		{39DA21AC-B8FB-49DF-8692-3166259174AA}.Debug|x86.ActiveCfg = Debug|Any CPU
		{39DA21AC-B8FB-49DF-8692-3166259174AA}.Debug|x86.Build.0 = Debug|Any CPU
		{39DA21AC-B8FB-49DF-8692-3166259174AA}.DebugLocal|.NET.ActiveCfg = Debug|Any CPU
		{39DA21AC-B8FB-49DF-8692-3166259174AA}.DebugLocal|.NET.Build.0 = Debug|Any CPU
		{39DA21AC-B8FB-49DF-8692-3166259174AA}.DebugLocal|Any CPU.ActiveCfg = Debug|Any CPU
		{39DA21AC-B8FB-49DF-8692-3166259174AA}.DebugLocal|Any CPU.Build.0 = Debug|Any CPU
		{39DA21AC-B8FB-49DF-8692-3166259174AA}.DebugLocal|Mixed Platforms.ActiveCfg = Debug|Any CPU
		{39DA21AC-B8FB-49DF-8692-3166259174AA}.DebugLocal|Mixed Platforms.Build.0 = Debug|Any CPU
		{39DA21AC-B8FB-49DF-8692-3166259174AA}.DebugLocal|x86.ActiveCfg = Debug|Any CPU
		{39DA21AC-B8FB-49DF-8692-3166259174AA}.DebugLocal|x86.Build.0 = Debug|Any CPU
		{39DA21AC-B8FB-49DF-8692-3166259174AA}.Development|.NET.ActiveCfg = Debug|Any CPU
		{39DA21AC-B8FB-49DF-8692-3166259174AA}.Development|.NET.Build.0 = Debug|Any CPU
		{39DA21AC-B8FB-49DF-8692-3166259174AA}.Development|Any CPU.ActiveCfg = Debug|Any CPU
		{39DA21AC-B8FB-49DF-8692-3166259174AA}.Development|Any CPU.Build.0 = Debug|Any CPU
		{39DA21AC-B8FB-49DF-8692-3166259174AA}.Development|Mixed Platforms.ActiveCfg = Debug|Any CPU
		{39DA21AC-B8FB-49DF-8692-3166259174AA}.Development|Mixed Platforms.Build.0 = Debug|Any CPU
		{39DA21AC-B8FB-49DF-8692-3166259174AA}.Development|x86.ActiveCfg = Debug|Any CPU
		{39DA21AC-B8FB-49DF-8692-3166259174AA}.Development|x86.Build.0 = Debug|Any CPU
		{39DA21AC-B8FB-49DF-8692-3166259174AA}.Release|.NET.ActiveCfg = Release|Any CPU
		{39DA21AC-B8FB-49DF-8692-3166259174AA}.Release|.NET.Build.0 = Release|Any CPU
		{39DA21AC-B8FB-49DF-8692-3166259174AA}.Release|Any CPU.ActiveCfg = Release|Any CPU
		{39DA21AC-B8FB-49DF-8692-3166259174AA}.Release|Any CPU.Build.0 = Release|Any CPU
		{39DA21AC-B8FB-49DF-8692-3166259174AA}.Release|Mixed Platforms.ActiveCfg = Release|Any CPU
		{39DA21AC-B8FB-49DF-8692-3166259174AA}.Release|Mixed Platforms.Build.0 = Release|Any CPU
		{39DA21AC-B8FB-49DF-8692-3166259174AA}.Release|x86.ActiveCfg = Release|Any CPU
		{39DA21AC-B8FB-49DF-8692-3166259174AA}.Release|x86.Build.0 = Release|Any CPU
		{96CFA786-3CF0-425C-B222-B8660D1EAE50}.Debug|.NET.ActiveCfg = Debug|Any CPU
		{96CFA786-3CF0-425C-B222-B8660D1EAE50}.Debug|.NET.Build.0 = Debug|Any CPU
		{96CFA786-3CF0-425C-B222-B8660D1EAE50}.Debug|Any CPU.ActiveCfg = Debug|Any CPU
		{96CFA786-3CF0-425C-B222-B8660D1EAE50}.Debug|Any CPU.Build.0 = Debug|Any CPU
		{96CFA786-3CF0-425C-B222-B8660D1EAE50}.Debug|Mixed Platforms.ActiveCfg = Debug|Any CPU
		{96CFA786-3CF0-425C-B222-B8660D1EAE50}.Debug|Mixed Platforms.Build.0 = Debug|Any CPU
		{96CFA786-3CF0-425C-B222-B8660D1EAE50}.Debug|x86.ActiveCfg = Debug|Any CPU
		{96CFA786-3CF0-425C-B222-B8660D1EAE50}.Debug|x86.Build.0 = Debug|Any CPU
		{96CFA786-3CF0-425C-B222-B8660D1EAE50}.DebugLocal|.NET.ActiveCfg = Debug|Any CPU
		{96CFA786-3CF0-425C-B222-B8660D1EAE50}.DebugLocal|.NET.Build.0 = Debug|Any CPU
		{96CFA786-3CF0-425C-B222-B8660D1EAE50}.DebugLocal|Any CPU.ActiveCfg = Debug|Any CPU
		{96CFA786-3CF0-425C-B222-B8660D1EAE50}.DebugLocal|Any CPU.Build.0 = Debug|Any CPU
		{96CFA786-3CF0-425C-B222-B8660D1EAE50}.DebugLocal|Mixed Platforms.ActiveCfg = Debug|Any CPU
		{96CFA786-3CF0-425C-B222-B8660D1EAE50}.DebugLocal|Mixed Platforms.Build.0 = Debug|Any CPU
		{96CFA786-3CF0-425C-B222-B8660D1EAE50}.DebugLocal|x86.ActiveCfg = Debug|Any CPU
		{96CFA786-3CF0-425C-B222-B8660D1EAE50}.DebugLocal|x86.Build.0 = Debug|Any CPU
		{96CFA786-3CF0-425C-B222-B8660D1EAE50}.Development|.NET.ActiveCfg = Debug|Any CPU
		{96CFA786-3CF0-425C-B222-B8660D1EAE50}.Development|.NET.Build.0 = Debug|Any CPU
		{96CFA786-3CF0-425C-B222-B8660D1EAE50}.Development|Any CPU.ActiveCfg = Debug|Any CPU
		{96CFA786-3CF0-425C-B222-B8660D1EAE50}.Development|Any CPU.Build.0 = Debug|Any CPU
		{96CFA786-3CF0-425C-B222-B8660D1EAE50}.Development|Mixed Platforms.ActiveCfg = Debug|Any CPU
		{96CFA786-3CF0-425C-B222-B8660D1EAE50}.Development|Mixed Platforms.Build.0 = Debug|Any CPU
		{96CFA786-3CF0-425C-B222-B8660D1EAE50}.Development|x86.ActiveCfg = Debug|Any CPU
		{96CFA786-3CF0-425C-B222-B8660D1EAE50}.Development|x86.Build.0 = Debug|Any CPU
		{96CFA786-3CF0-425C-B222-B8660D1EAE50}.Release|.NET.ActiveCfg = Release|Any CPU
		{96CFA786-3CF0-425C-B222-B8660D1EAE50}.Release|.NET.Build.0 = Release|Any CPU
		{96CFA786-3CF0-425C-B222-B8660D1EAE50}.Release|Any CPU.ActiveCfg = Release|Any CPU
		{96CFA786-3CF0-425C-B222-B8660D1EAE50}.Release|Any CPU.Build.0 = Release|Any CPU
		{96CFA786-3CF0-425C-B222-B8660D1EAE50}.Release|Mixed Platforms.ActiveCfg = Release|Any CPU
		{96CFA786-3CF0-425C-B222-B8660D1EAE50}.Release|Mixed Platforms.Build.0 = Release|Any CPU
		{96CFA786-3CF0-425C-B222-B8660D1EAE50}.Release|x86.ActiveCfg = Release|Any CPU
		{96CFA786-3CF0-425C-B222-B8660D1EAE50}.Release|x86.Build.0 = Release|Any CPU
	EndGlobalSection
	GlobalSection(SolutionProperties) = preSolution
		HideSolutionNode = FALSE
	EndGlobalSection
	GlobalSection(NestedProjects) = preSolution
		{3D7522C2-D599-4535-8A2B-EE79A105AD78} = {38D0EE35-EEB9-475D-9D25-45DB69FAAB67}
		{8D167DC6-6CC6-4462-82B9-5568645AB3B6} = {7BE2E4C5-6B22-4DBD-88CC-3A5C92598568}
		{C1FEB1DB-1D7B-4167-ADD0-10462190249D} = {38D0EE35-EEB9-475D-9D25-45DB69FAAB67}
		{D5C07528-AE06-45DF-BA0C-ADC66F04E68A} = {7BE2E4C5-6B22-4DBD-88CC-3A5C92598568}
		{6CEF5088-6248-4A92-8EDD-F5529634CBFB} = {D1D47F6B-7BE5-4018-A7E0-4B3FDD088162}
	EndGlobalSection
	GlobalSection(ExtensibilityGlobals) = postSolution
		SolutionGuid = {08DD752A-5B23-41AF-828F-1A608E423061}
	EndGlobalSection
EndGlobal
